
Microsoft Visual Studio Solution File, Format Version 12.00
# Visual Studio Version 17
VisualStudioVersion = 17.0.31710.8
MinimumVisualStudioVersion = 10.0.40219.1
Project("{FAE04EC0-301F-11D3-BF4B-00C04F79EFBC}") = "ToursWebAPI", "ToursWebAPI.csproj", "{F4A990D9-F22A-49BB-B028-7AF6D4681B90}"
EndProject
Global
	GlobalSection(SolutionConfigurationPlatforms) = preSolution
		Debug|Any CPU = Debug|Any CPU
		Release|Any CPU = Release|Any CPU
	EndGlobalSection
	GlobalSection(ProjectConfigurationPlatforms) = postSolution
		{F4A990D9-F22A-49BB-B028-7AF6D4681B90}.Debug|Any CPU.ActiveCfg = Debug|Any CPU
		{F4A990D9-F22A-49BB-B028-7AF6D4681B90}.Debug|Any CPU.Build.0 = Debug|Any CPU
		{F4A990D9-F22A-49BB-B028-7AF6D4681B90}.Release|Any CPU.ActiveCfg = Release|Any CPU
		{F4A990D9-F22A-49BB-B028-7AF6D4681B90}.Release|Any CPU.Build.0 = Release|Any CPU
	EndGlobalSection
	GlobalSection(SolutionProperties) = preSolution
		HideSolutionNode = FALSE
	EndGlobalSection
	GlobalSection(ExtensibilityGlobals) = postSolution
		SolutionGuid = {DEFA4A4C-2E42-406F-BD8C-0A44E8EDCD1A}
	EndGlobalSection
EndGlobal
